// !$*UTF8*$!
{
	archiveVersion = 1;
	classes = {
	};
	objectVersion = 46;
	objects = {

/* Begin PBXBuildFile section */
		E1EAB48A1C41A47E00F80F5C /* AppDelegate.swift in Sources */ = {isa = PBXBuildFile; fileRef = E1EAB4891C41A47E00F80F5C /* AppDelegate.swift */; };
		E1EAB48C1C41A47E00F80F5C /* ViewController.swift in Sources */ = {isa = PBXBuildFile; fileRef = E1EAB48B1C41A47E00F80F5C /* ViewController.swift */; };
		E1EAB48F1C41A47E00F80F5C /* Main.storyboard in Resources */ = {isa = PBXBuildFile; fileRef = E1EAB48D1C41A47E00F80F5C /* Main.storyboard */; };
		E1EAB4921C41A47E00F80F5C /* collectionViewTest.xcdatamodeld in Sources */ = {isa = PBXBuildFile; fileRef = E1EAB4901C41A47E00F80F5C /* collectionViewTest.xcdatamodeld */; };
		E1EAB4941C41A47E00F80F5C /* Assets.xcassets in Resources */ = {isa = PBXBuildFile; fileRef = E1EAB4931C41A47E00F80F5C /* Assets.xcassets */; };
		E1EAB4971C41A47E00F80F5C /* LaunchScreen.storyboard in Resources */ = {isa = PBXBuildFile; fileRef = E1EAB4951C41A47E00F80F5C /* LaunchScreen.storyboard */; };
		E1EAB49F1C41A50B00F80F5C /* theLands.json in Resources */ = {isa = PBXBuildFile; fileRef = E1EAB49E1C41A50B00F80F5C /* theLands.json */; };
		E1EAB4A11C41A52900F80F5C /* LTDILImporter.swift in Sources */ = {isa = PBXBuildFile; fileRef = E1EAB4A01C41A52900F80F5C /* LTDILImporter.swift */; };
		E1EAB4A51C41AF1C00F80F5C /* CoreDataStack.swift in Sources */ = {isa = PBXBuildFile; fileRef = E1EAB4A41C41AF1C00F80F5C /* CoreDataStack.swift */; };
		E1EAB4A81C41B75100F80F5C /* TheLands+CoreDataProperties.swift in Sources */ = {isa = PBXBuildFile; fileRef = E1EAB4A61C41B75100F80F5C /* TheLands+CoreDataProperties.swift */; };
		E1EAB4A91C41B75100F80F5C /* TheLands.swift in Sources */ = {isa = PBXBuildFile; fileRef = E1EAB4A71C41B75100F80F5C /* TheLands.swift */; };
		E1EAB4AC1C41B83600F80F5C /* TheParks+CoreDataProperties.swift in Sources */ = {isa = PBXBuildFile; fileRef = E1EAB4AA1C41B83600F80F5C /* TheParks+CoreDataProperties.swift */; };
		E1EAB4AD1C41B83600F80F5C /* TheParks.swift in Sources */ = {isa = PBXBuildFile; fileRef = E1EAB4AB1C41B83600F80F5C /* TheParks.swift */; };
		E1EAB4B01C41BB4300F80F5C /* theParks.json in Resources */ = {isa = PBXBuildFile; fileRef = E1EAB4AF1C41BB4300F80F5C /* theParks.json */; };
/* End PBXBuildFile section */

/* Begin PBXFileReference section */
		E1EAB4861C41A47E00F80F5C /* collectionViewTest.app */ = {isa = PBXFileReference; explicitFileType = wrapper.application; includeInIndex = 0; path = collectionViewTest.app; sourceTree = BUILT_PRODUCTS_DIR; };
		E1EAB4891C41A47E00F80F5C /* AppDelegate.swift */ = {isa = PBXFileReference; lastKnownFileType = sourcecode.swift; path = AppDelegate.swift; sourceTree = "<group>"; };
		E1EAB48B1C41A47E00F80F5C /* ViewController.swift */ = {isa = PBXFileReference; lastKnownFileType = sourcecode.swift; path = ViewController.swift; sourceTree = "<group>"; };
		E1EAB48E1C41A47E00F80F5C /* Base */ = {isa = PBXFileReference; lastKnownFileType = file.storyboard; name = Base; path = Base.lproj/Main.storyboard; sourceTree = "<group>"; };
		E1EAB4911C41A47E00F80F5C /* collectionViewTest.xcdatamodel */ = {isa = PBXFileReference; lastKnownFileType = wrapper.xcdatamodel; path = collectionViewTest.xcdatamodel; sourceTree = "<group>"; };
		E1EAB4931C41A47E00F80F5C /* Assets.xcassets */ = {isa = PBXFileReference; lastKnownFileType = folder.assetcatalog; path = Assets.xcassets; sourceTree = "<group>"; };
		E1EAB4961C41A47E00F80F5C /* Base */ = {isa = PBXFileReference; lastKnownFileType = file.storyboard; name = Base; path = Base.lproj/LaunchScreen.storyboard; sourceTree = "<group>"; };
		E1EAB4981C41A47E00F80F5C /* Info.plist */ = {isa = PBXFileReference; lastKnownFileType = text.plist.xml; path = Info.plist; sourceTree = "<group>"; };
		E1EAB49E1C41A50B00F80F5C /* theLands.json */ = {isa = PBXFileReference; fileEncoding = 4; lastKnownFileType = text.json; name = theLands.json; path = collectionViewTest/theLands.json; sourceTree = "<group>"; };
		E1EAB4A01C41A52900F80F5C /* LTDILImporter.swift */ = {isa = PBXFileReference; fileEncoding = 4; lastKnownFileType = sourcecode.swift; path = LTDILImporter.swift; sourceTree = "<group>"; };
		E1EAB4A41C41AF1C00F80F5C /* CoreDataStack.swift */ = {isa = PBXFileReference; fileEncoding = 4; lastKnownFileType = sourcecode.swift; path = CoreDataStack.swift; sourceTree = "<group>"; };
		E1EAB4A61C41B75100F80F5C /* TheLands+CoreDataProperties.swift */ = {isa = PBXFileReference; fileEncoding = 4; lastKnownFileType = sourcecode.swift; path = "TheLands+CoreDataProperties.swift"; sourceTree = "<group>"; };
		E1EAB4A71C41B75100F80F5C /* TheLands.swift */ = {isa = PBXFileReference; fileEncoding = 4; lastKnownFileType = sourcecode.swift; path = TheLands.swift; sourceTree = "<group>"; };
		E1EAB4AA1C41B83600F80F5C /* TheParks+CoreDataProperties.swift */ = {isa = PBXFileReference; fileEncoding = 4; lastKnownFileType = sourcecode.swift; path = "TheParks+CoreDataProperties.swift"; sourceTree = "<group>"; };
		E1EAB4AB1C41B83600F80F5C /* TheParks.swift */ = {isa = PBXFileReference; fileEncoding = 4; lastKnownFileType = sourcecode.swift; path = TheParks.swift; sourceTree = "<group>"; };
		E1EAB4AF1C41BB4300F80F5C /* theParks.json */ = {isa = PBXFileReference; fileEncoding = 4; lastKnownFileType = text.json; path = theParks.json; sourceTree = "<group>"; };
/* End PBXFileReference section */

/* Begin PBXFrameworksBuildPhase section */
		E1EAB4831C41A47E00F80F5C /* Frameworks */ = {
			isa = PBXFrameworksBuildPhase;
			buildActionMask = 2147483647;
			files = (
			);
			runOnlyForDeploymentPostprocessing = 0;
		};
/* End PBXFrameworksBuildPhase section */

/* Begin PBXGroup section */
		E1EAB47D1C41A47E00F80F5C = {
			isa = PBXGroup;
			children = (
				E1EAB4AE1C41BB0C00F80F5C /* JsonImport */,
				E1EAB4881C41A47E00F80F5C /* collectionViewTest */,
				E1EAB4871C41A47E00F80F5C /* Products */,
			);
			sourceTree = "<group>";
		};
		E1EAB4871C41A47E00F80F5C /* Products */ = {
			isa = PBXGroup;
			children = (
				E1EAB4861C41A47E00F80F5C /* collectionViewTest.app */,
			);
			name = Products;
			sourceTree = "<group>";
		};
		E1EAB4881C41A47E00F80F5C /* collectionViewTest */ = {
			isa = PBXGroup;
			children = (
				E1EAB4891C41A47E00F80F5C /* AppDelegate.swift */,
				E1EAB4A01C41A52900F80F5C /* LTDILImporter.swift */,
				E1EAB4A41C41AF1C00F80F5C /* CoreDataStack.swift */,
				E1EAB48B1C41A47E00F80F5C /* ViewController.swift */,
				E1EAB48D1C41A47E00F80F5C /* Main.storyboard */,
				E1EAB4931C41A47E00F80F5C /* Assets.xcassets */,
				E1EAB4951C41A47E00F80F5C /* LaunchScreen.storyboard */,
				E1EAB4981C41A47E00F80F5C /* Info.plist */,
				E1EAB4901C41A47E00F80F5C /* collectionViewTest.xcdatamodeld */,
			);
			path = collectionViewTest;
			sourceTree = "<group>";
		};
		E1EAB4AE1C41BB0C00F80F5C /* JsonImport */ = {
			isa = PBXGroup;
			children = (
				E1EAB4AF1C41BB4300F80F5C /* theParks.json */,
				E1EAB49E1C41A50B00F80F5C /* theLands.json */,
				E1EAB4AA1C41B83600F80F5C /* TheParks+CoreDataProperties.swift */,
				E1EAB4AB1C41B83600F80F5C /* TheParks.swift */,
				E1EAB4A61C41B75100F80F5C /* TheLands+CoreDataProperties.swift */,
				E1EAB4A71C41B75100F80F5C /* TheLands.swift */,
			);
			name = JsonImport;
			sourceTree = "<group>";
		};
/* End PBXGroup section */

/* Begin PBXNativeTarget section */
		E1EAB4851C41A47E00F80F5C /* collectionViewTest */ = {
			isa = PBXNativeTarget;
			buildConfigurationList = E1EAB49B1C41A47E00F80F5C /* Build configuration list for PBXNativeTarget "collectionViewTest" */;
			buildPhases = (
				E1EAB4821C41A47E00F80F5C /* Sources */,
				E1EAB4831C41A47E00F80F5C /* Frameworks */,
				E1EAB4841C41A47E00F80F5C /* Resources */,
			);
			buildRules = (
			);
			dependencies = (
			);
			name = collectionViewTest;
			productName = collectionViewTest;
			productReference = E1EAB4861C41A47E00F80F5C /* collectionViewTest.app */;
			productType = "com.apple.product-type.application";
		};
/* End PBXNativeTarget section */

/* Begin PBXProject section */
		E1EAB47E1C41A47E00F80F5C /* Project object */ = {
			isa = PBXProject;
			attributes = {
				LastSwiftUpdateCheck = 0720;
				LastUpgradeCheck = 0720;
				ORGANIZATIONNAME = "Ken Pierce";
				TargetAttributes = {
					E1EAB4851C41A47E00F80F5C = {
						CreatedOnToolsVersion = 7.2;
						DevelopmentTeam = 42F6Y56UC5;
					};
				};
			};
			buildConfigurationList = E1EAB4811C41A47E00F80F5C /* Build configuration list for PBXProject "collectionViewTest" */;
			compatibilityVersion = "Xcode 3.2";
			developmentRegion = English;
			hasScannedForEncodings = 0;
			knownRegions = (
				en,
				Base,
			);
			mainGroup = E1EAB47D1C41A47E00F80F5C;
			productRefGroup = E1EAB4871C41A47E00F80F5C /* Products */;
			projectDirPath = "";
			projectRoot = "";
			targets = (
				E1EAB4851C41A47E00F80F5C /* collectionViewTest */,
			);
		};
/* End PBXProject section */

/* Begin PBXResourcesBuildPhase section */
		E1EAB4841C41A47E00F80F5C /* Resources */ = {
			isa = PBXResourcesBuildPhase;
			buildActionMask = 2147483647;
			files = (
				E1EAB49F1C41A50B00F80F5C /* theLands.json in Resources */,
				E1EAB4971C41A47E00F80F5C /* LaunchScreen.storyboard in Resources */,
				E1EAB4941C41A47E00F80F5C /* Assets.xcassets in Resources */,
				E1EAB4B01C41BB4300F80F5C /* theParks.json in Resources */,
				E1EAB48F1C41A47E00F80F5C /* Main.storyboard in Resources */,
			);
			runOnlyForDeploymentPostprocessing = 0;
		};
/* End PBXResourcesBuildPhase section */

/* Begin PBXSourcesBuildPhase section */
		E1EAB4821C41A47E00F80F5C /* Sources */ = {
			isa = PBXSourcesBuildPhase;
			buildActionMask = 2147483647;
			files = (
				E1EAB4A51C41AF1C00F80F5C /* CoreDataStack.swift in Sources */,
				E1EAB4921C41A47E00F80F5C /* collectionViewTest.xcdatamodeld in Sources */,
				E1EAB4A11C41A52900F80F5C /* LTDILImporter.swift in Sources */,
				E1EAB4AC1C41B83600F80F5C /* TheParks+CoreDataProperties.swift in Sources */,
				E1EAB48C1C41A47E00F80F5C /* ViewController.swift in Sources */,
				E1EAB4AD1C41B83600F80F5C /* TheParks.swift in Sources */,
				E1EAB4A81C41B75100F80F5C /* TheLands+CoreDataProperties.swift in Sources */,
				E1EAB4A91C41B75100F80F5C /* TheLands.swift in Sources */,
				E1EAB48A1C41A47E00F80F5C /* AppDelegate.swift in Sources */,
			);
			runOnlyForDeploymentPostprocessing = 0;
		};
/* End PBXSourcesBuildPhase section */

/* Begin PBXVariantGroup section */
		E1EAB48D1C41A47E00F80F5C /* Main.storyboard */ = {
			isa = PBXVariantGroup;
			children = (
				E1EAB48E1C41A47E00F80F5C /* Base */,
			);
			name = Main.storyboard;
			sourceTree = "<group>";
		};
		E1EAB4951C41A47E00F80F5C /* LaunchScreen.storyboard */ = {
			isa = PBXVariantGroup;
			children = (
				E1EAB4961C41A47E00F80F5C /* Base */,
			);
			name = LaunchScreen.storyboard;
			sourceTree = "<group>";
		};
/* End PBXVariantGroup section */

/* Begin XCBuildConfiguration section */
		E1EAB4991C41A47E00F80F5C /* Debug */ = {
			isa = XCBuildConfiguration;
			buildSettings = {
				ALWAYS_SEARCH_USER_PATHS = NO;
				CLANG_CXX_LANGUAGE_STANDARD = "gnu++0x";
				CLANG_CXX_LIBRARY = "libc++";
				CLANG_ENABLE_MODULES = YES;
				CLANG_ENABLE_OBJC_ARC = YES;
				CLANG_WARN_BOOL_CONVERSION = YES;
				CLANG_WARN_CONSTANT_CONVERSION = YES;
				CLANG_WARN_DIRECT_OBJC_ISA_USAGE = YES_ERROR;
				CLANG_WARN_EMPTY_BODY = YES;
				CLANG_WARN_ENUM_CONVERSION = YES;
				CLANG_WARN_INT_CONVERSION = YES;
				CLANG_WARN_OBJC_ROOT_CLASS = YES_ERROR;
				CLANG_WARN_UNREACHABLE_CODE = YES;
				CLANG_WARN__DUPLICATE_METHOD_MATCH = YES;
				"CODE_SIGN_IDENTITY[sdk=iphoneos*]" = "iPhone Developer";
				COPY_PHASE_STRIP = NO;
				DEBUG_INFORMATION_FORMAT = dwarf;
				ENABLE_STRICT_OBJC_MSGSEND = YES;
				ENABLE_TESTABILITY = YES;
				GCC_C_LANGUAGE_STANDARD = gnu99;
				GCC_DYNAMIC_NO_PIC = NO;
				GCC_NO_COMMON_BLOCKS = YES;
				GCC_OPTIMIZATION_LEVEL = 0;
				GCC_PREPROCESSOR_DEFINITIONS = (
					"DEBUG=1",
					"$(inherited)",
				);
				GCC_WARN_64_TO_32_BIT_CONVERSION = YES;
				GCC_WARN_ABOUT_RETURN_TYPE = YES_ERROR;
				GCC_WARN_UNDECLARED_SELECTOR = YES;
				GCC_WARN_UNINITIALIZED_AUTOS = YES_AGGRESSIVE;
				GCC_WARN_UNUSED_FUNCTION = YES;
				GCC_WARN_UNUSED_VARIABLE = YES;
				IPHONEOS_DEPLOYMENT_TARGET = 8.4;
				MTL_ENABLE_DEBUG_INFO = YES;
				ONLY_ACTIVE_ARCH = YES;
				SDKROOT = iphoneos;
				SWIFT_OPTIMIZATION_LEVEL = "-Onone";
				TARGETED_DEVICE_FAMILY = "1,2";
			};
			name = Debug;
		};
		E1EAB49A1C41A47E00F80F5C /* Release */ = {
			isa = XCBuildConfiguration;
			buildSettings = {
				ALWAYS_SEARCH_USER_PATHS = NO;
				CLANG_CXX_LANGUAGE_STANDARD = "gnu++0x";
				CLANG_CXX_LIBRARY = "libc++";
				CLANG_ENABLE_MODULES = YES;
				CLANG_ENABLE_OBJC_ARC = YES;
				CLANG_WARN_BOOL_CONVERSION = YES;
				CLANG_WARN_CONSTANT_CONVERSION = YES;
				CLANG_WARN_DIRECT_OBJC_ISA_USAGE = YES_ERROR;
				CLANG_WARN_EMPTY_BODY = YES;
				CLANG_WARN_ENUM_CONVERSION = YES;
				CLANG_WARN_INT_CONVERSION = YES;
				CLANG_WARN_OBJC_ROOT_CLASS = YES_ERROR;
				CLANG_WARN_UNREACHABLE_CODE = YES;
				CLANG_WARN__DUPLICATE_METHOD_MATCH = YES;
				"CODE_SIGN_IDENTITY[sdk=iphoneos*]" = "iPhone Developer";
				COPY_PHASE_STRIP = NO;
				DEBUG_INFORMATION_FORMAT = "dwarf-with-dsym";
				ENABLE_NS_ASSERTIONS = NO;
				ENABLE_STRICT_OBJC_MSGSEND = YES;
				GCC_C_LANGUAGE_STANDARD = gnu99;
				GCC_NO_COMMON_BLOCKS = YES;
				GCC_WARN_64_TO_32_BIT_CONVERSION = YES;
				GCC_WARN_ABOUT_RETURN_TYPE = YES_ERROR;
				GCC_WARN_UNDECLARED_SELECTOR = YES;
				GCC_WARN_UNINITIALIZED_AUTOS = YES_AGGRESSIVE;
				GCC_WARN_UNUSED_FUNCTION = YES;
				GCC_WARN_UNUSED_VARIABLE = YES;
				IPHONEOS_DEPLOYMENT_TARGET = 8.4;
				MTL_ENABLE_DEBUG_INFO = NO;
				SDKROOT = iphoneos;
				TARGETED_DEVICE_FAMILY = "1,2";
				VALIDATE_PRODUCT = YES;
			};
			name = Release;
		};
		E1EAB49C1C41A47E00F80F5C /* Debug */ = {
			isa = XCBuildConfiguration;
			buildSettings = {
				ASSETCATALOG_COMPILER_APPICON_NAME = AppIcon;
				CODE_SIGN_IDENTITY = "iPhone Developer";
				"CODE_SIGN_IDENTITY[sdk=iphoneos*]" = "iPhone Developer";
				INFOPLIST_FILE = collectionViewTest/Info.plist;
				IPHONEOS_DEPLOYMENT_TARGET = 8.4;
				LD_RUNPATH_SEARCH_PATHS = "$(inherited) @executable_path/Frameworks";
				PRODUCT_BUNDLE_IDENTIFIER = com.franticgoose.collectionViewTest;
				PRODUCT_NAME = "$(TARGET_NAME)";
				PROVISIONING_PROFILE = "";
			};
			name = Debug;
		};
		E1EAB49D1C41A47E00F80F5C /* Release */ = {
			isa = XCBuildConfiguration;
			buildSettings = {
				ASSETCATALOG_COMPILER_APPICON_NAME = AppIcon;
				CODE_SIGN_IDENTITY = "iPhone Developer";
				"CODE_SIGN_IDENTITY[sdk=iphoneos*]" = "iPhone Developer";
				INFOPLIST_FILE = collectionViewTest/Info.plist;
				IPHONEOS_DEPLOYMENT_TARGET = 8.4;
				LD_RUNPATH_SEARCH_PATHS = "$(inherited) @executable_path/Frameworks";
				PRODUCT_BUNDLE_IDENTIFIER = com.franticgoose.collectionViewTest;
				PRODUCT_NAME = "$(TARGET_NAME)";
				PROVISIONING_PROFILE = "";
			};
			name = Release;
		};
/* End XCBuildConfiguration section */

/* Begin XCConfigurationList section */
		E1EAB4811C41A47E00F80F5C /* Build configuration list for PBXProject "collectionViewTest" */ = {
			isa = XCConfigurationList;
			buildConfigurations = (
				E1EAB4991C41A47E00F80F5C /* Debug */,
				E1EAB49A1C41A47E00F80F5C /* Release */,
			);
			defaultConfigurationIsVisible = 0;
			defaultConfigurationName = Release;
		};
		E1EAB49B1C41A47E00F80F5C /* Build configuration list for PBXNativeTarget "collectionViewTest" */ = {
			isa = XCConfigurationList;
			buildConfigurations = (
				E1EAB49C1C41A47E00F80F5C /* Debug */,
				E1EAB49D1C41A47E00F80F5C /* Release */,
			);
			defaultConfigurationIsVisible = 0;
			defaultConfigurationName = Release;
		};
/* End XCConfigurationList section */

/* Begin XCVersionGroup section */
		E1EAB4901C41A47E00F80F5C /* collectionViewTest.xcdatamodeld */ = {
			isa = XCVersionGroup;
			children = (
				E1EAB4911C41A47E00F80F5C /* collectionViewTest.xcdatamodel */,
			);
			currentVersion = E1EAB4911C41A47E00F80F5C /* collectionViewTest.xcdatamodel */;
			path = collectionViewTest.xcdatamodeld;
			sourceTree = "<group>";
			versionGroupType = wrapper.xcdatamodel;
		};
/* End XCVersionGroup section */
	};
	rootObject = E1EAB47E1C41A47E00F80F5C /* Project object */;
}
